
Microsoft Visual Studio Solution File, Format Version 12.00
# Visual Studio Version 17
VisualStudioVersion = 17.8.34330.188
MinimumVisualStudioVersion = 10.0.40219.1
Project("{FAE04EC0-301F-11D3-BF4B-00C04F79EFBC}") = "Note_Taking_App", "Note_Taking_App\Note_Taking_App.csproj", "{DD16D0FD-C02E-4078-A061-5CB4CCE15609}"
EndProject
Global
	GlobalSection(SolutionConfigurationPlatforms) = preSolution
		Debug|Any CPU = Debug|Any CPU
		Release|Any CPU = Release|Any CPU
	EndGlobalSection
	GlobalSection(ProjectConfigurationPlatforms) = postSolution
		{DD16D0FD-C02E-4078-A061-5CB4CCE15609}.Debug|Any CPU.ActiveCfg = Debug|Any CPU
		{DD16D0FD-C02E-4078-A061-5CB4CCE15609}.Debug|Any CPU.Build.0 = Debug|Any CPU
		{DD16D0FD-C02E-4078-A061-5CB4CCE15609}.Release|Any CPU.ActiveCfg = Release|Any CPU
		{DD16D0FD-C02E-4078-A061-5CB4CCE15609}.Release|Any CPU.Build.0 = Release|Any CPU
	EndGlobalSection
	GlobalSection(SolutionProperties) = preSolution
		HideSolutionNode = FALSE
	EndGlobalSection
	GlobalSection(ExtensibilityGlobals) = postSolution
		SolutionGuid = {8EA6ED55-ABDD-4821-B155-131A8FD076B0}
	EndGlobalSection
EndGlobal
